
Microsoft Visual Studio Solution File, Format Version 12.00
# Visual Studio Version 17
VisualStudioVersion = 17.10.35027.167
MinimumVisualStudioVersion = 10.0.40219.1
Project("{FAE04EC0-301F-11D3-BF4B-00C04F79EFBC}") = "WebMinimalApi", "WebMinimalApi.csproj", "{4948A164-C3B7-44BE-8223-0E59C72F27D8}"
EndProject
Global
	GlobalSection(SolutionConfigurationPlatforms) = preSolution
		Debug|Any CPU = Debug|Any CPU
		Release|Any CPU = Release|Any CPU
	EndGlobalSection
	GlobalSection(ProjectConfigurationPlatforms) = postSolution
		{4948A164-C3B7-44BE-8223-0E59C72F27D8}.Debug|Any CPU.ActiveCfg = Debug|Any CPU
		{4948A164-C3B7-44BE-8223-0E59C72F27D8}.Debug|Any CPU.Build.0 = Debug|Any CPU
		{4948A164-C3B7-44BE-8223-0E59C72F27D8}.Release|Any CPU.ActiveCfg = Release|Any CPU
		{4948A164-C3B7-44BE-8223-0E59C72F27D8}.Release|Any CPU.Build.0 = Release|Any CPU
	EndGlobalSection
	GlobalSection(SolutionProperties) = preSolution
		HideSolutionNode = FALSE
	EndGlobalSection
	GlobalSection(ExtensibilityGlobals) = postSolution
		SolutionGuid = {0BCC5A64-1320-418D-A55B-ECBB8BC3A4C0}
	EndGlobalSection
EndGlobal
